{
  "name": "vu",
  "version": "0.0.1",
  "lockfileVersion": 1,
  "requires": true,
  "dependencies": {
    "colour": {
      "version": "git://github.com/ebenpack/colour.js.git#7d2aacaf5a519cfecf4f3df2a9bbcfd35f6015a5",
      "from": "git://github.com/ebenpack/colour.js.git"
    },
    "linearalgea": {
      "version": "git://github.com/ebenpack/linearalgea.git#a24ed2c30fe94bea096cc7dae6165eefb1c6e230",
      "from": "git://github.com/ebenpack/linearalgea.git"
    },
    "wireframe": {
      "version": "git://github.com/ebenpack/wireframe.js.git#5fc94f6fdd8b56fb363c2d268209c6480f9ff2cc",
      "from": "git://github.com/ebenpack/wireframe.js.git#master",
      "requires": {
        "colour": "git://github.com/ebenpack/colour.js.git#7d2aacaf5a519cfecf4f3df2a9bbcfd35f6015a5",
        "linearalgea": "git://github.com/ebenpack/linearalgea.git#a24ed2c30fe94bea096cc7dae6165eefb1c6e230"
      }
    }
  }
}
